
Microsoft Visual Studio Solution File, Format Version 12.00
# Visual Studio Version 17
VisualStudioVersion = 17.1.32228.430
MinimumVisualStudioVersion = 15.0.26124.0
Project("{9A19103F-16F7-4668-BE54-9A1E7A4F7556}") = "OLabWebAPI", "WebApiService\OLabWebAPI.csproj", "{7F1D2DD4-DB22-4A2C-AC5B-71706702777C}"
EndProject
Project("{9A19103F-16F7-4668-BE54-9A1E7A4F7556}") = "OLab.Common", "..\Common\Common\OLab.Common.csproj", "{4713FE82-B20D-4A09-8225-4A67F5C77421}"
EndProject
Project("{9A19103F-16F7-4668-BE54-9A1E7A4F7556}") = "OLab.Data", "..\Common\Data\OLab.Data.csproj", "{1A8708EC-4759-45FE-BD5A-71B07E1111B1}"
EndProject
Project("{9A19103F-16F7-4668-BE54-9A1E7A4F7556}") = "OLab.Endpoints", "..\Common\Endpoints\OLab.Endpoints.csproj", "{3BF87B49-4999-4BCB-85BF-2094C9DB8F2E}"
EndProject
Project("{9A19103F-16F7-4668-BE54-9A1E7A4F7556}") = "OLab.Import", "..\Common\Import\OLab.Import.csproj", "{74C79653-3FF2-4CBC-BC06-90C0125AF92F}"
EndProject
Project("{9A19103F-16F7-4668-BE54-9A1E7A4F7556}") = "OLab.WikiTags", "..\Common\WikiTags\OLab.WikiTags.csproj", "{A64479A1-40AF-4441-8866-8C7A13FAC9EB}"
EndProject
Project("{9A19103F-16F7-4668-BE54-9A1E7A4F7556}") = "OLab.Files.AzureBlobStorage", "OLab.Files.AzureBlobStorage\OLab.Files.AzureBlobStorage.csproj", "{CE9EC5FA-9D05-4EB7-B846-C970C8D1EB1A}"
EndProject
Project("{9A19103F-16F7-4668-BE54-9A1E7A4F7556}") = "OLab.Files.FileSystem", "OLab.Files.FileSystem\OLab.Files.FileSystem.csproj", "{4E131F74-1AE1-4669-92ED-043388361C5D}"
EndProject
Project("{9A19103F-16F7-4668-BE54-9A1E7A4F7556}") = "OLab.Access", "OLab.Access\OLab.Access.csproj", "{FB7D35BB-1B00-45F6-8388-4F0014067A97}"
EndProject
Global
	GlobalSection(SolutionConfigurationPlatforms) = preSolution
		Debug|Any CPU = Debug|Any CPU
		Debug|x64 = Debug|x64
		Debug|x86 = Debug|x86
		Release|Any CPU = Release|Any CPU
		Release|x64 = Release|x64
		Release|x86 = Release|x86
	EndGlobalSection
	GlobalSection(ProjectConfigurationPlatforms) = postSolution
		{7F1D2DD4-DB22-4A2C-AC5B-71706702777C}.Debug|Any CPU.ActiveCfg = Debug|Any CPU
		{7F1D2DD4-DB22-4A2C-AC5B-71706702777C}.Debug|Any CPU.Build.0 = Debug|Any CPU
		{7F1D2DD4-DB22-4A2C-AC5B-71706702777C}.Debug|x64.ActiveCfg = Debug|Any CPU
		{7F1D2DD4-DB22-4A2C-AC5B-71706702777C}.Debug|x64.Build.0 = Debug|Any CPU
		{7F1D2DD4-DB22-4A2C-AC5B-71706702777C}.Debug|x86.ActiveCfg = Debug|Any CPU
		{7F1D2DD4-DB22-4A2C-AC5B-71706702777C}.Debug|x86.Build.0 = Debug|Any CPU
		{7F1D2DD4-DB22-4A2C-AC5B-71706702777C}.Release|Any CPU.ActiveCfg = Release|Any CPU
		{7F1D2DD4-DB22-4A2C-AC5B-71706702777C}.Release|Any CPU.Build.0 = Release|Any CPU
		{7F1D2DD4-DB22-4A2C-AC5B-71706702777C}.Release|x64.ActiveCfg = Release|Any CPU
		{7F1D2DD4-DB22-4A2C-AC5B-71706702777C}.Release|x64.Build.0 = Release|Any CPU
		{7F1D2DD4-DB22-4A2C-AC5B-71706702777C}.Release|x86.ActiveCfg = Release|Any CPU
		{7F1D2DD4-DB22-4A2C-AC5B-71706702777C}.Release|x86.Build.0 = Release|Any CPU
		{4713FE82-B20D-4A09-8225-4A67F5C77421}.Debug|Any CPU.ActiveCfg = Debug|Any CPU
		{4713FE82-B20D-4A09-8225-4A67F5C77421}.Debug|Any CPU.Build.0 = Debug|Any CPU
		{4713FE82-B20D-4A09-8225-4A67F5C77421}.Debug|x64.ActiveCfg = Debug|Any CPU
		{4713FE82-B20D-4A09-8225-4A67F5C77421}.Debug|x64.Build.0 = Debug|Any CPU
		{4713FE82-B20D-4A09-8225-4A67F5C77421}.Debug|x86.ActiveCfg = Debug|Any CPU
		{4713FE82-B20D-4A09-8225-4A67F5C77421}.Debug|x86.Build.0 = Debug|Any CPU
		{4713FE82-B20D-4A09-8225-4A67F5C77421}.Release|Any CPU.ActiveCfg = Release|Any CPU
		{4713FE82-B20D-4A09-8225-4A67F5C77421}.Release|Any CPU.Build.0 = Release|Any CPU
		{4713FE82-B20D-4A09-8225-4A67F5C77421}.Release|x64.ActiveCfg = Release|Any CPU
		{4713FE82-B20D-4A09-8225-4A67F5C77421}.Release|x64.Build.0 = Release|Any CPU
		{4713FE82-B20D-4A09-8225-4A67F5C77421}.Release|x86.ActiveCfg = Release|Any CPU
		{4713FE82-B20D-4A09-8225-4A67F5C77421}.Release|x86.Build.0 = Release|Any CPU
		{1A8708EC-4759-45FE-BD5A-71B07E1111B1}.Debug|Any CPU.ActiveCfg = Debug|Any CPU
		{1A8708EC-4759-45FE-BD5A-71B07E1111B1}.Debug|Any CPU.Build.0 = Debug|Any CPU
		{1A8708EC-4759-45FE-BD5A-71B07E1111B1}.Debug|x64.ActiveCfg = Debug|Any CPU
		{1A8708EC-4759-45FE-BD5A-71B07E1111B1}.Debug|x64.Build.0 = Debug|Any CPU
		{1A8708EC-4759-45FE-BD5A-71B07E1111B1}.Debug|x86.ActiveCfg = Debug|Any CPU
		{1A8708EC-4759-45FE-BD5A-71B07E1111B1}.Debug|x86.Build.0 = Debug|Any CPU
		{1A8708EC-4759-45FE-BD5A-71B07E1111B1}.Release|Any CPU.ActiveCfg = Release|Any CPU
		{1A8708EC-4759-45FE-BD5A-71B07E1111B1}.Release|Any CPU.Build.0 = Release|Any CPU
		{1A8708EC-4759-45FE-BD5A-71B07E1111B1}.Release|x64.ActiveCfg = Release|Any CPU
		{1A8708EC-4759-45FE-BD5A-71B07E1111B1}.Release|x64.Build.0 = Release|Any CPU
		{1A8708EC-4759-45FE-BD5A-71B07E1111B1}.Release|x86.ActiveCfg = Release|Any CPU
		{1A8708EC-4759-45FE-BD5A-71B07E1111B1}.Release|x86.Build.0 = Release|Any CPU
		{3BF87B49-4999-4BCB-85BF-2094C9DB8F2E}.Debug|Any CPU.ActiveCfg = Debug|Any CPU
		{3BF87B49-4999-4BCB-85BF-2094C9DB8F2E}.Debug|Any CPU.Build.0 = Debug|Any CPU
		{3BF87B49-4999-4BCB-85BF-2094C9DB8F2E}.Debug|x64.ActiveCfg = Debug|Any CPU
		{3BF87B49-4999-4BCB-85BF-2094C9DB8F2E}.Debug|x64.Build.0 = Debug|Any CPU
		{3BF87B49-4999-4BCB-85BF-2094C9DB8F2E}.Debug|x86.ActiveCfg = Debug|Any CPU
		{3BF87B49-4999-4BCB-85BF-2094C9DB8F2E}.Debug|x86.Build.0 = Debug|Any CPU
		{3BF87B49-4999-4BCB-85BF-2094C9DB8F2E}.Release|Any CPU.ActiveCfg = Release|Any CPU
		{3BF87B49-4999-4BCB-85BF-2094C9DB8F2E}.Release|Any CPU.Build.0 = Release|Any CPU
		{3BF87B49-4999-4BCB-85BF-2094C9DB8F2E}.Release|x64.ActiveCfg = Release|Any CPU
		{3BF87B49-4999-4BCB-85BF-2094C9DB8F2E}.Release|x64.Build.0 = Release|Any CPU
		{3BF87B49-4999-4BCB-85BF-2094C9DB8F2E}.Release|x86.ActiveCfg = Release|Any CPU
		{3BF87B49-4999-4BCB-85BF-2094C9DB8F2E}.Release|x86.Build.0 = Release|Any CPU
		{74C79653-3FF2-4CBC-BC06-90C0125AF92F}.Debug|Any CPU.ActiveCfg = Debug|Any CPU
		{74C79653-3FF2-4CBC-BC06-90C0125AF92F}.Debug|Any CPU.Build.0 = Debug|Any CPU
		{74C79653-3FF2-4CBC-BC06-90C0125AF92F}.Debug|x64.ActiveCfg = Debug|Any CPU
		{74C79653-3FF2-4CBC-BC06-90C0125AF92F}.Debug|x64.Build.0 = Debug|Any CPU
		{74C79653-3FF2-4CBC-BC06-90C0125AF92F}.Debug|x86.ActiveCfg = Debug|Any CPU
		{74C79653-3FF2-4CBC-BC06-90C0125AF92F}.Debug|x86.Build.0 = Debug|Any CPU
		{74C79653-3FF2-4CBC-BC06-90C0125AF92F}.Release|Any CPU.ActiveCfg = Release|Any CPU
		{74C79653-3FF2-4CBC-BC06-90C0125AF92F}.Release|Any CPU.Build.0 = Release|Any CPU
		{74C79653-3FF2-4CBC-BC06-90C0125AF92F}.Release|x64.ActiveCfg = Release|Any CPU
		{74C79653-3FF2-4CBC-BC06-90C0125AF92F}.Release|x64.Build.0 = Release|Any CPU
		{74C79653-3FF2-4CBC-BC06-90C0125AF92F}.Release|x86.ActiveCfg = Release|Any CPU
		{74C79653-3FF2-4CBC-BC06-90C0125AF92F}.Release|x86.Build.0 = Release|Any CPU
		{A64479A1-40AF-4441-8866-8C7A13FAC9EB}.Debug|Any CPU.ActiveCfg = Debug|Any CPU
		{A64479A1-40AF-4441-8866-8C7A13FAC9EB}.Debug|Any CPU.Build.0 = Debug|Any CPU
		{A64479A1-40AF-4441-8866-8C7A13FAC9EB}.Debug|x64.ActiveCfg = Debug|Any CPU
		{A64479A1-40AF-4441-8866-8C7A13FAC9EB}.Debug|x64.Build.0 = Debug|Any CPU
		{A64479A1-40AF-4441-8866-8C7A13FAC9EB}.Debug|x86.ActiveCfg = Debug|Any CPU
		{A64479A1-40AF-4441-8866-8C7A13FAC9EB}.Debug|x86.Build.0 = Debug|Any CPU
		{A64479A1-40AF-4441-8866-8C7A13FAC9EB}.Release|Any CPU.ActiveCfg = Release|Any CPU
		{A64479A1-40AF-4441-8866-8C7A13FAC9EB}.Release|Any CPU.Build.0 = Release|Any CPU
		{A64479A1-40AF-4441-8866-8C7A13FAC9EB}.Release|x64.ActiveCfg = Release|Any CPU
		{A64479A1-40AF-4441-8866-8C7A13FAC9EB}.Release|x64.Build.0 = Release|Any CPU
		{A64479A1-40AF-4441-8866-8C7A13FAC9EB}.Release|x86.ActiveCfg = Release|Any CPU
		{A64479A1-40AF-4441-8866-8C7A13FAC9EB}.Release|x86.Build.0 = Release|Any CPU
		{CE9EC5FA-9D05-4EB7-B846-C970C8D1EB1A}.Debug|Any CPU.ActiveCfg = Debug|Any CPU
		{CE9EC5FA-9D05-4EB7-B846-C970C8D1EB1A}.Debug|Any CPU.Build.0 = Debug|Any CPU
		{CE9EC5FA-9D05-4EB7-B846-C970C8D1EB1A}.Debug|x64.ActiveCfg = Debug|Any CPU
		{CE9EC5FA-9D05-4EB7-B846-C970C8D1EB1A}.Debug|x64.Build.0 = Debug|Any CPU
		{CE9EC5FA-9D05-4EB7-B846-C970C8D1EB1A}.Debug|x86.ActiveCfg = Debug|Any CPU
		{CE9EC5FA-9D05-4EB7-B846-C970C8D1EB1A}.Debug|x86.Build.0 = Debug|Any CPU
		{CE9EC5FA-9D05-4EB7-B846-C970C8D1EB1A}.Release|Any CPU.ActiveCfg = Release|Any CPU
		{CE9EC5FA-9D05-4EB7-B846-C970C8D1EB1A}.Release|Any CPU.Build.0 = Release|Any CPU
		{CE9EC5FA-9D05-4EB7-B846-C970C8D1EB1A}.Release|x64.ActiveCfg = Release|Any CPU
		{CE9EC5FA-9D05-4EB7-B846-C970C8D1EB1A}.Release|x64.Build.0 = Release|Any CPU
		{CE9EC5FA-9D05-4EB7-B846-C970C8D1EB1A}.Release|x86.ActiveCfg = Release|Any CPU
		{CE9EC5FA-9D05-4EB7-B846-C970C8D1EB1A}.Release|x86.Build.0 = Release|Any CPU
		{4E131F74-1AE1-4669-92ED-043388361C5D}.Debug|Any CPU.ActiveCfg = Debug|Any CPU
		{4E131F74-1AE1-4669-92ED-043388361C5D}.Debug|Any CPU.Build.0 = Debug|Any CPU
		{4E131F74-1AE1-4669-92ED-043388361C5D}.Debug|x64.ActiveCfg = Debug|Any CPU
		{4E131F74-1AE1-4669-92ED-043388361C5D}.Debug|x64.Build.0 = Debug|Any CPU
		{4E131F74-1AE1-4669-92ED-043388361C5D}.Debug|x86.ActiveCfg = Debug|Any CPU
		{4E131F74-1AE1-4669-92ED-043388361C5D}.Debug|x86.Build.0 = Debug|Any CPU
		{4E131F74-1AE1-4669-92ED-043388361C5D}.Release|Any CPU.ActiveCfg = Release|Any CPU
		{4E131F74-1AE1-4669-92ED-043388361C5D}.Release|Any CPU.Build.0 = Release|Any CPU
		{4E131F74-1AE1-4669-92ED-043388361C5D}.Release|x64.ActiveCfg = Release|Any CPU
		{4E131F74-1AE1-4669-92ED-043388361C5D}.Release|x64.Build.0 = Release|Any CPU
		{4E131F74-1AE1-4669-92ED-043388361C5D}.Release|x86.ActiveCfg = Release|Any CPU
		{4E131F74-1AE1-4669-92ED-043388361C5D}.Release|x86.Build.0 = Release|Any CPU
		{FB7D35BB-1B00-45F6-8388-4F0014067A97}.Debug|Any CPU.ActiveCfg = Debug|Any CPU
		{FB7D35BB-1B00-45F6-8388-4F0014067A97}.Debug|Any CPU.Build.0 = Debug|Any CPU
		{FB7D35BB-1B00-45F6-8388-4F0014067A97}.Debug|x64.ActiveCfg = Debug|Any CPU
		{FB7D35BB-1B00-45F6-8388-4F0014067A97}.Debug|x64.Build.0 = Debug|Any CPU
		{FB7D35BB-1B00-45F6-8388-4F0014067A97}.Debug|x86.ActiveCfg = Debug|Any CPU
		{FB7D35BB-1B00-45F6-8388-4F0014067A97}.Debug|x86.Build.0 = Debug|Any CPU
		{FB7D35BB-1B00-45F6-8388-4F0014067A97}.Release|Any CPU.ActiveCfg = Release|Any CPU
		{FB7D35BB-1B00-45F6-8388-4F0014067A97}.Release|Any CPU.Build.0 = Release|Any CPU
		{FB7D35BB-1B00-45F6-8388-4F0014067A97}.Release|x64.ActiveCfg = Release|Any CPU
		{FB7D35BB-1B00-45F6-8388-4F0014067A97}.Release|x64.Build.0 = Release|Any CPU
		{FB7D35BB-1B00-45F6-8388-4F0014067A97}.Release|x86.ActiveCfg = Release|Any CPU
		{FB7D35BB-1B00-45F6-8388-4F0014067A97}.Release|x86.Build.0 = Release|Any CPU
	EndGlobalSection
	GlobalSection(SolutionProperties) = preSolution
		HideSolutionNode = FALSE
	EndGlobalSection
	GlobalSection(ExtensibilityGlobals) = postSolution
		SolutionGuid = {C81051CA-B669-4413-997C-FF53B5466277}
	EndGlobalSection
EndGlobal
